
Microsoft Visual Studio Solution File, Format Version 12.00
# Visual Studio Version 17
VisualStudioVersion = 17.5.33414.496
MinimumVisualStudioVersion = 10.0.40219.1
Project("{FAE04EC0-301F-11D3-BF4B-00C04F79EFBC}") = "SintegraMVC", "SintegraMVC\SintegraMVC.csproj", "{49ADD865-48D2-4538-9F37-01CDCCD43360}"
EndProject
Global
	GlobalSection(SolutionConfigurationPlatforms) = preSolution
		Debug|Any CPU = Debug|Any CPU
		Release|Any CPU = Release|Any CPU
	EndGlobalSection
	GlobalSection(ProjectConfigurationPlatforms) = postSolution
		{49ADD865-48D2-4538-9F37-01CDCCD43360}.Debug|Any CPU.ActiveCfg = Debug|Any CPU
		{49ADD865-48D2-4538-9F37-01CDCCD43360}.Debug|Any CPU.Build.0 = Debug|Any CPU
		{49ADD865-48D2-4538-9F37-01CDCCD43360}.Release|Any CPU.ActiveCfg = Release|Any CPU
		{49ADD865-48D2-4538-9F37-01CDCCD43360}.Release|Any CPU.Build.0 = Release|Any CPU
	EndGlobalSection
	GlobalSection(SolutionProperties) = preSolution
		HideSolutionNode = FALSE
	EndGlobalSection
	GlobalSection(ExtensibilityGlobals) = postSolution
		SolutionGuid = {DECE6E1D-68BF-40C4-9CB5-492575E54DD0}
	EndGlobalSection
EndGlobal
